
Microsoft Visual Studio Solution File, Format Version 12.00
# Visual Studio Version 16
VisualStudioVersion = 16.0.30523.141
MinimumVisualStudioVersion = 10.0.40219.1
Project("{9A19103F-16F7-4668-BE54-9A1E7A4F7556}") = "CommonDotNetHelpers", "src\CommonDotNetHelpers.csproj", "{9F3242A1-4D93-4F4A-8AA3-2A27B22AC7EF}"
EndProject
Global
	GlobalSection(SolutionConfigurationPlatforms) = preSolution
		Debug|Any CPU = Debug|Any CPU
		Release|Any CPU = Release|Any CPU
	EndGlobalSection
	GlobalSection(ProjectConfigurationPlatforms) = postSolution
		{9F3242A1-4D93-4F4A-8AA3-2A27B22AC7EF}.Debug|Any CPU.ActiveCfg = Debug|Any CPU
		{9F3242A1-4D93-4F4A-8AA3-2A27B22AC7EF}.Debug|Any CPU.Build.0 = Debug|Any CPU
		{9F3242A1-4D93-4F4A-8AA3-2A27B22AC7EF}.Release|Any CPU.ActiveCfg = Release|Any CPU
		{9F3242A1-4D93-4F4A-8AA3-2A27B22AC7EF}.Release|Any CPU.Build.0 = Release|Any CPU
	EndGlobalSection
	GlobalSection(SolutionProperties) = preSolution
		HideSolutionNode = FALSE
	EndGlobalSection
	GlobalSection(ExtensibilityGlobals) = postSolution
		SolutionGuid = {3F5FBCAD-B22D-417E-9454-9B8FD670A534}
	EndGlobalSection
EndGlobal
